
Microsoft Visual Studio Solution File, Format Version 12.00
# Visual Studio Version 17
VisualStudioVersion = 17.13.35919.96
MinimumVisualStudioVersion = 10.0.40219.1
Project("{FAE04EC0-301F-11D3-BF4B-00C04F79EFBC}") = "Livraria", "Livraria\Livraria.csproj", "{B24ADF8B-C73A-46DC-BB34-5CE2DB381DBB}"
EndProject
Global
	GlobalSection(SolutionConfigurationPlatforms) = preSolution
		Debug|Any CPU = Debug|Any CPU
		Release|Any CPU = Release|Any CPU
	EndGlobalSection
	GlobalSection(ProjectConfigurationPlatforms) = postSolution
		{B24ADF8B-C73A-46DC-BB34-5CE2DB381DBB}.Debug|Any CPU.ActiveCfg = Debug|Any CPU
		{B24ADF8B-C73A-46DC-BB34-5CE2DB381DBB}.Debug|Any CPU.Build.0 = Debug|Any CPU
		{B24ADF8B-C73A-46DC-BB34-5CE2DB381DBB}.Release|Any CPU.ActiveCfg = Release|Any CPU
		{B24ADF8B-C73A-46DC-BB34-5CE2DB381DBB}.Release|Any CPU.Build.0 = Release|Any CPU
	EndGlobalSection
	GlobalSection(SolutionProperties) = preSolution
		HideSolutionNode = FALSE
	EndGlobalSection
	GlobalSection(ExtensibilityGlobals) = postSolution
		SolutionGuid = {B723EF85-6286-4785-AEEF-0DD76608D146}
	EndGlobalSection
EndGlobal
